<?xml version="1.0" encoding="utf-8"?>
<Project ToolsVersion="4.0" xmlns="http://schemas.microsoft.com/developer/msbuild/2003">
  <ItemGroup>
    <Filter Include="Source Files">
      <UniqueIdentifier>{1c843dcc-3932-4864-8916-1b457169e7e7}</UniqueIdentifier>
      <Extensions>cpp;c;cxx;rc;def;r;odl;idl;hpj;bat</Extensions>
    </Filter>
    <Filter Include="Source Files\ReEvaluation">
      <UniqueIdentifier>{0e8ec17f-03f2-47b0-9713-cb8df73c1aa8}</UniqueIdentifier>
    </Filter>
    <Filter Include="Source Files\GridCtrl">
      <UniqueIdentifier>{8990a1c0-2bab-4507-a329-d08bbade7f58}</UniqueIdentifier>
    </Filter>
    <Filter Include="Source Files\Fit">
      <UniqueIdentifier>{c279be11-c91b-414b-9f98-fa3363932a9d}</UniqueIdentifier>
    </Filter>
    <Filter Include="Source Files\Dialogs">
      <UniqueIdentifier>{45d4d4b6-2db5-4ac7-8181-239727962155}</UniqueIdentifier>
    </Filter>
    <Filter Include="Source Files\Evaluation">
      <UniqueIdentifier>{31dec120-6a27-4713-bbd5-5a0bf3620c94}</UniqueIdentifier>
    </Filter>
    <Filter Include="Source Files\DualBeam">
      <UniqueIdentifier>{40c73fbe-cdcc-42f1-a9b9-7a94f2253bc5}</UniqueIdentifier>
    </Filter>
    <Filter Include="Source Files\Controls">
      <UniqueIdentifier>{081dfb2e-eb09-464e-b693-0a330ad27e03}</UniqueIdentifier>
    </Filter>
    <Filter Include="Source Files\Graphs">
      <UniqueIdentifier>{84250557-930d-4762-a12a-94add603bfa8}</UniqueIdentifier>
    </Filter>
    <Filter Include="Header Files">
      <UniqueIdentifier>{deb3ef20-8446-458f-80b7-66e56c9e6f2e}</UniqueIdentifier>
      <Extensions>h;hpp;hxx;hm;inl</Extensions>
    </Filter>
    <Filter Include="Header Files\ReEvaluation">
      <UniqueIdentifier>{4d42896a-c675-4249-b237-ff3ecbd94dbb}</UniqueIdentifier>
    </Filter>
    <Filter Include="Header Files\GridCtrl">
      <UniqueIdentifier>{6487d11f-10b8-4386-a869-a8f4d633c5a7}</UniqueIdentifier>
    </Filter>
    <Filter Include="Header Files\Fit">
      <UniqueIdentifier>{5444da62-bee0-4d85-ac8b-5ed343443feb}</UniqueIdentifier>
    </Filter>
    <Filter Include="Header Files\Dialogs">
      <UniqueIdentifier>{4f22f1d8-7fd2-4a86-b621-ce41f415a41d}</UniqueIdentifier>
    </Filter>
    <Filter Include="Header Files\Evaluation">
      <UniqueIdentifier>{67d797af-80e9-4f60-bf8f-e21faca8cdff}</UniqueIdentifier>
    </Filter>
    <Filter Include="Header Files\DualBeam">
      <UniqueIdentifier>{b536726b-d3e9-4712-985b-49311d19310d}</UniqueIdentifier>
    </Filter>
    <Filter Include="Header Files\Controls">
      <UniqueIdentifier>{8900d27d-b3cd-4869-80b6-00766ab983ac}</UniqueIdentifier>
    </Filter>
    <Filter Include="Header Files\Graphs">
      <UniqueIdentifier>{d25e5430-39fe-4574-8242-d15698e3e751}</UniqueIdentifier>
    </Filter>
    <Filter Include="Resource Files">
      <UniqueIdentifier>{5bac7d2f-4a40-499f-9edd-d25c584d8f43}</UniqueIdentifier>
      <Extensions>ico;cur;bmp;dlg;rc2;rct;bin;rgs;gif;jpg;jpeg;jpe</Extensions>
    </Filter>
    <Filter Include="Header Files\Calibration">
      <UniqueIdentifier>{3d7b2252-7a85-400b-acb4-beb503fe79c3}</UniqueIdentifier>
    </Filter>
    <Filter Include="Source Files\SpectralEvaluation">
      <UniqueIdentifier>{ff1e10bd-323c-4272-8eb2-2529411ae4fb}</UniqueIdentifier>
    </Filter>
    <Filter Include="Source Files\SpectralEvaluation\File">
      <UniqueIdentifier>{65768821-0fa2-45ea-8711-40cd98793418}</UniqueIdentifier>
    </Filter>
    <Filter Include="Source Files\SpectralEvaluation\Calibration">
      <UniqueIdentifier>{cbab2705-d57e-4893-bd0a-ccba5c903e38}</UniqueIdentifier>
    </Filter>
    <Filter Include="Source Files\SpectralEvaluation\Math">
      <UniqueIdentifier>{0d4c2c64-a512-4842-8313-dd28c9dd1db8}</UniqueIdentifier>
    </Filter>
    <Filter Include="Source Files\Calibration">
      <UniqueIdentifier>{c2d51ef4-0451-42c7-84c2-ce32c232b931}</UniqueIdentifier>
    </Filter>
    <Filter Include="Source Files\SpectralEvaluation\Evaluation">
      <UniqueIdentifier>{1e8fa22d-220a-4935-b512-d508eca0e87c}</UniqueIdentifier>
    </Filter>
    <Filter Include="Source Files\SpectralEvaluation\Fit">
      <UniqueIdentifier>{9561066c-9026-453d-be37-99b4d17d5e5e}</UniqueIdentifier>
    </Filter>
    <Filter Include="Header Files\SpectralEvaluation">
      <UniqueIdentifier>{fb8f7482-43fd-4e9c-9933-afc689e09040}</UniqueIdentifier>
    </Filter>
  </ItemGroup>
  <ItemGroup>
    <ClCompile Include="Common.cpp">
      <Filter>Source Files</Filter>
    </ClCompile>
    <ClCompile Include="DMSpec.cpp">
      <Filter>Source Files</Filter>
    </ClCompile>
    <ClCompile Include="DMSpecDoc.cpp">
      <Filter>Source Files</Filter>
    </ClCompile>
    <ClCompile Include="DMSpecView.cpp">
      <Filter>Source Files</Filter>
    </ClCompile>
    <ClCompile Include="Controls\Label.cpp">
      <Filter>Source Files</Filter>
    </ClCompile>
    <ClCompile Include="MainFrm.cpp">
      <Filter>Source Files</Filter>
    </ClCompile>
    <ClCompile Include="MeasurementModes\Measurement_Traverse.cpp">
      <Filter>Source Files</Filter>
    </ClCompile>
    <ClCompile Include="MeasurementModes\Measurement_View.cpp">
      <Filter>Source Files</Filter>
    </ClCompile>
    <ClCompile Include="MeasurementModes\Measurement_Directory.cpp">
      <Filter>Source Files</Filter>
    </ClCompile>
    <ClCompile Include="MeasurementModes\Measurement_Wind.cpp">
      <Filter>Source Files</Filter>
    </ClCompile>
    <ClCompile Include="Configuration\MobileConfiguration.cpp">
      <Filter>Source Files</Filter>
    </ClCompile>
    <ClCompile Include="Controls\ReferenceFileControl.cpp">
      <Filter>Source Files</Filter>
    </ClCompile>
    <ClCompile Include="Spectrometer.cpp">
      <Filter>Source Files</Filter>
    </ClCompile>
    <ClCompile Include="Common\SpectrumIO.cpp">
      <Filter>Source Files</Filter>
    </ClCompile>
    <ClCompile Include="StdAfx.cpp">
      <Filter>Source Files</Filter>
    </ClCompile>
    <ClCompile Include="Version.cpp">
      <Filter>Source Files</Filter>
    </ClCompile>
    <ClCompile Include="Common\XMLFileReader.cpp">
      <Filter>Source Files</Filter>
    </ClCompile>
    <ClCompile Include="ReEvaluation\ReEvalScriptFileHandler.cpp">
      <Filter>Source Files\ReEvaluation</Filter>
    </ClCompile>
    <ClCompile Include="ReEvaluation\ReEvalSettingsFileHandler.cpp">
      <Filter>Source Files\ReEvaluation</Filter>
    </ClCompile>
    <ClCompile Include="ReEvaluation\ReEval_DarkDlg.cpp">
      <Filter>Source Files\ReEvaluation</Filter>
    </ClCompile>
    <ClCompile Include="ReEvaluation\ReEval_DoEvaluationDlg.cpp">
      <Filter>Source Files\ReEvaluation</Filter>
    </ClCompile>
    <ClCompile Include="ReEvaluation\ReEval_EvalLogDlg.cpp">
      <Filter>Source Files\ReEvaluation</Filter>
    </ClCompile>
    <ClCompile Include="ReEvaluation\ReEval_FitWindows.cpp">
      <Filter>Source Files\ReEvaluation</Filter>
    </ClCompile>
    <ClCompile Include="ReEvaluation\ReEval_ScriptDlg.cpp">
      <Filter>Source Files\ReEvaluation</Filter>
    </ClCompile>
    <ClCompile Include="ReEvaluation\ReEval_SkyDlg.cpp">
      <Filter>Source Files\ReEvaluation</Filter>
    </ClCompile>
    <ClCompile Include="ReEvaluation\ReEvaluationDlg.cpp">
      <Filter>Source Files\ReEvaluation</Filter>
    </ClCompile>
    <ClCompile Include="ReEvaluation\ReEvaluationSettings.cpp">
      <Filter>Source Files\ReEvaluation</Filter>
    </ClCompile>
    <ClCompile Include="ReEvaluation\ReEvaluation_Script.cpp">
      <Filter>Source Files\ReEvaluation</Filter>
    </ClCompile>
    <ClCompile Include="ReEvaluation\ReEvaluator.cpp">
      <Filter>Source Files\ReEvaluation</Filter>
    </ClCompile>
    <ClCompile Include="GridCtrl\GridCell.cpp">
      <Filter>Source Files\GridCtrl</Filter>
    </ClCompile>
    <ClCompile Include="GridCtrl\GridCellBase.cpp">
      <Filter>Source Files\GridCtrl</Filter>
    </ClCompile>
    <ClCompile Include="GridCtrl\GridCtrl.cpp">
      <Filter>Source Files\GridCtrl</Filter>
    </ClCompile>
    <ClCompile Include="GridCtrl\GridDropTarget.cpp">
      <Filter>Source Files\GridCtrl</Filter>
    </ClCompile>
    <ClCompile Include="GridCtrl\InPlaceEdit.cpp">
      <Filter>Source Files\GridCtrl</Filter>
    </ClCompile>
    <ClCompile Include="GridCtrl\TitleTip.cpp">
      <Filter>Source Files\GridCtrl</Filter>
    </ClCompile>
    <ClCompile Include="BasicMath.cpp">
      <Filter>Source Files\Fit</Filter>
    </ClCompile>
    <ClCompile Include="CommentDlg.cpp">
      <Filter>Source Files\Dialogs</Filter>
    </ClCompile>
    <ClCompile Include="InformationDialog.cpp">
      <Filter>Source Files\Dialogs</Filter>
    </ClCompile>
    <ClCompile Include="PostFluxDlg.cpp">
      <Filter>Source Files\Dialogs</Filter>
    </ClCompile>
    <ClCompile Include="Dialogs\QueryStringDialog.cpp">
      <Filter>Source Files\Dialogs</Filter>
    </ClCompile>
    <ClCompile Include="RealTimeRoute.cpp">
      <Filter>Source Files\Dialogs</Filter>
    </ClCompile>
    <ClCompile Include="Dialogs\ReferencePlotDlg.cpp">
      <Filter>Source Files\Dialogs</Filter>
    </ClCompile>
    <ClCompile Include="Dialogs\ReferencePropertiesDlg.cpp">
      <Filter>Source Files\Dialogs</Filter>
    </ClCompile>
    <ClCompile Include="RouteDlg.cpp">
      <Filter>Source Files\Dialogs</Filter>
    </ClCompile>
    <ClCompile Include="Dialogs\SelectionDialog.cpp">
      <Filter>Source Files\Dialogs</Filter>
    </ClCompile>
    <ClCompile Include="ShowFitDlg.cpp">
      <Filter>Source Files\Dialogs</Filter>
    </ClCompile>
    <ClCompile Include="Dialogs\SimplePropertySheet.cpp">
      <Filter>Source Files\Dialogs</Filter>
    </ClCompile>
    <ClCompile Include="SourceSelectionDlg.cpp">
      <Filter>Source Files\Dialogs</Filter>
    </ClCompile>
    <ClCompile Include="WindFieldDlg.cpp">
      <Filter>Source Files\Dialogs</Filter>
    </ClCompile>
    <ClCompile Include="Evaluation\Evaluation.cpp">
      <Filter>Source Files\Evaluation</Filter>
    </ClCompile>
    <ClCompile Include="Evaluation\FitWindow.cpp">
      <Filter>Source Files\Evaluation</Filter>
    </ClCompile>
    <ClCompile Include="DualBeam\PostPlumeHeightDlg.cpp">
      <Filter>Source Files\DualBeam</Filter>
    </ClCompile>
    <ClCompile Include="DualBeam\PostWindDlg.cpp">
      <Filter>Source Files\DualBeam</Filter>
    </ClCompile>
    <ClCompile Include="Controls\FitWindowListBox.cpp">
      <Filter>Source Files\Controls</Filter>
    </ClCompile>
    <ClCompile Include="Graphs\SpectrumGraph.cpp">
      <Filter>Source Files\Graphs</Filter>
    </ClCompile>
    <ClCompile Include="Graphs\ColumnGraph.cpp">
      <Filter>Source Files\Controls</Filter>
    </ClCompile>
    <ClCompile Include="FluxPathListBox.cpp">
      <Filter>Source Files\Controls</Filter>
    </ClCompile>
    <ClCompile Include="Graphs\GraphCtrl.cpp">
      <Filter>Source Files\Controls</Filter>
    </ClCompile>
    <ClCompile Include="MeasGrid.cpp">
      <Filter>Source Files\Controls</Filter>
    </ClCompile>
    <ClCompile Include="RouteGraph.cpp">
      <Filter>Source Files\Controls</Filter>
    </ClCompile>
    <ClCompile Include="Configuration\ConfigurationDialog.cpp">
      <Filter>Source Files\Dialogs</Filter>
    </ClCompile>
    <ClCompile Include="Configuration\Configure_Evaluation.cpp">
      <Filter>Source Files\Dialogs</Filter>
    </ClCompile>
    <ClCompile Include="Configuration\Configure_GPS.cpp">
      <Filter>Source Files\Dialogs</Filter>
    </ClCompile>
    <ClCompile Include="Configuration\Configure_Spectrometer.cpp">
      <Filter>Source Files\Dialogs</Filter>
    </ClCompile>
    <ClCompile Include="Configuration\Configure_Directory.cpp">
      <Filter>Source Files\Dialogs</Filter>
    </ClCompile>
    <ClCompile Include="ExportEvLogDlg.cpp">
      <Filter>Source Files\Dialogs</Filter>
    </ClCompile>
    <ClCompile Include="Dialogs\SpectrumInspectionDlg.cpp">
      <Filter>Source Files\Dialogs</Filter>
    </ClCompile>
    <ClCompile Include="Dialogs\SpectrumScaleDlg.cpp">
      <Filter>Source Files\Dialogs</Filter>
    </ClCompile>
    <ClCompile Include="Dialogs\SpectrumSettingsDlg.cpp">
      <Filter>Source Files\Dialogs</Filter>
    </ClCompile>
    <ClCompile Include="SpectralEvaluation\src\Spectra\Spectrum.cpp">
      <Filter>Source Files\SpectralEvaluation</Filter>
    </ClCompile>
    <ClCompile Include="SpectralEvaluation\src\Spectra\SpectrumInfo.cpp">
      <Filter>Source Files\SpectralEvaluation</Filter>
    </ClCompile>
    <ClCompile Include="SpectralEvaluation\src\Spectra\SpectrumUtils.cpp">
      <Filter>Source Files\SpectralEvaluation</Filter>
    </ClCompile>
    <ClCompile Include="SpectralEvaluation\src\Spectra\SpectrometerModel.cpp">
      <Filter>Source Files\SpectralEvaluation</Filter>
    </ClCompile>
    <ClCompile Include="SpectralEvaluation\src\GPSData.cpp">
      <Filter>Source Files\SpectralEvaluation</Filter>
    </ClCompile>
    <ClCompile Include="SpectralEvaluation\src\DateTime.cpp">
      <Filter>Source Files\SpectralEvaluation</Filter>
    </ClCompile>
    <ClCompile Include="SpectralEvaluation\src\StringUtils.cpp">
      <Filter>Source Files\SpectralEvaluation</Filter>
    </ClCompile>
    <ClCompile Include="Common\CSpectrum.cpp">
      <Filter>Source Files</Filter>
    </ClCompile>
    <ClCompile Include="SpectralEvaluation\src\Evaluation\CrossSectionData.cpp">
      <Filter>Source Files\SpectralEvaluation</Filter>
    </ClCompile>
    <ClCompile Include="SpectralEvaluation\src\VectorUtils.cpp">
      <Filter>Source Files\SpectralEvaluation</Filter>
    </ClCompile>
    <ClCompile Include="SpectralEvaluation\src\Math\FFT.cpp">
      <Filter>Source Files\SpectralEvaluation</Filter>
    </ClCompile>
    <ClCompile Include="SpectralEvaluation\src\File\File.cpp">
      <Filter>Source Files\SpectralEvaluation\File</Filter>
    </ClCompile>
    <ClCompile Include="SpectralEvaluation\src\File\STDFile.cpp">
      <Filter>Source Files\SpectralEvaluation\File</Filter>
    </ClCompile>
    <ClCompile Include="SpectralEvaluation\src\File\TXTFile.cpp">
      <Filter>Source Files\SpectralEvaluation\File</Filter>
    </ClCompile>
    <ClCompile Include="SpectralEvaluation\src\Interpolation.cpp">
      <Filter>Source Files\SpectralEvaluation</Filter>
    </ClCompile>
    <ClCompile Include="SpectralEvaluation\src\Calibration\InstrumentLineShape.cpp">
      <Filter>Source Files\SpectralEvaluation\Calibration</Filter>
    </ClCompile>
    <ClCompile Include="SpectralEvaluation\src\Calibration\ReferenceSpectrumConvolution.cpp">
      <Filter>Source Files\SpectralEvaluation\Calibration</Filter>
    </ClCompile>
    <ClCompile Include="SpectralEvaluation\src\Calibration\WavelengthCalibration.cpp">
      <Filter>Source Files\SpectralEvaluation\Calibration</Filter>
    </ClCompile>
    <ClCompile Include="SpectralEvaluation\src\Calibration\WavelengthCalibrationByRansac.cpp">
      <Filter>Source Files\SpectralEvaluation\Calibration</Filter>
    </ClCompile>
    <ClCompile Include="SpectralEvaluation\src\Math\FunctionFit.cpp">
      <Filter>Source Files\SpectralEvaluation\Math</Filter>
    </ClCompile>
    <ClCompile Include="SpectralEvaluation\src\Math\PolynomialFit.cpp">
      <Filter>Source Files\SpectralEvaluation\Math</Filter>
    </ClCompile>
    <ClCompile Include="SpectralEvaluation\src\Calibration\FraunhoferSpectrumGeneration.cpp">
      <Filter>Source Files\SpectralEvaluation\Calibration</Filter>
    </ClCompile>
    <ClCompile Include="SpectralEvaluation\src\Calibration\InstrumentLineShapeEstimation.cpp">
      <Filter>Source Files\SpectralEvaluation\Calibration</Filter>
    </ClCompile>
    <ClCompile Include="CCalibrateInstrumentLineShape.cpp">
      <Filter>Source Files\Dialogs</Filter>
    </ClCompile>
    <ClCompile Include="CCalibratePixelToWavelengthDialog.cpp">
      <Filter>Source Files\Dialogs</Filter>
    </ClCompile>
    <ClCompile Include="CCalibrateReferencesDialog.cpp">
      <Filter>Source Files\Dialogs</Filter>
    </ClCompile>
    <ClCompile Include="OpenInstrumentCalibrationDialog.cpp">
      <Filter>Source Files\Dialogs</Filter>
    </ClCompile>
    <ClCompile Include="CSpectrometerCalibrationDlg.cpp">
      <Filter>Source Files\Dialogs</Filter>
    </ClCompile>
    <ClCompile Include="SpectralEvaluation\src\Evaluation\DoasFit.cpp">
      <Filter>Source Files\SpectralEvaluation\Evaluation</Filter>
    </ClCompile>
    <ClCompile Include="SpectralEvaluation\src\Spectra\Scattering.cpp">
      <Filter>Source Files\SpectralEvaluation\Evaluation</Filter>
    </ClCompile>
    <ClCompile Include="SpectralEvaluation\src\Fit\MessageLog.cpp">
      <Filter>Source Files\SpectralEvaluation\Fit</Filter>
    </ClCompile>
    <ClCompile Include="SpectralEvaluation\src\Calibration\InstrumentCalibration.cpp">
      <Filter>Source Files\SpectralEvaluation\Calibration</Filter>
    </ClCompile>
    <ClCompile Include="SpectralEvaluation\src\Calibration\Correspondence.cpp">
      <Filter>Source Files\SpectralEvaluation\Calibration</Filter>
    </ClCompile>
    <ClCompile Include="SpectralEvaluation\src\File\XmlUtil.cpp">
      <Filter>Source Files\SpectralEvaluation\File</Filter>
    </ClCompile>
    <ClCompile Include="SpectralEvaluation\src\Calibration\StandardCrossSectionSetup.cpp">
      <Filter>Source Files\SpectralEvaluation\Calibration</Filter>
    </ClCompile>
    <ClCompile Include="CLogDialog.cpp">
      <Filter>Source Files</Filter>
    </ClCompile>
    <ClCompile Include="SpectralEvaluation\src\Log.cpp">
      <Filter>Source Files\SpectralEvaluation</Filter>
    </ClCompile>
    <ClCompile Include="SpectralEvaluation\src\Calibration\CrossSectionSpectrumGenerator.cpp">
      <Filter>Source Files\SpectralEvaluation\Calibration</Filter>
    </ClCompile>
    <ClCompile Include="CCalibratePixelToWavelengthSetupDialog.cpp">
      <Filter>Source Files\Dialogs</Filter>
    </ClCompile>
    <ClCompile Include="Configuration\ConfigurationFile.cpp">
      <Filter>Source Files</Filter>
    </ClCompile>
    <ClCompile Include="Configuration\Configure_Calibration.cpp">
      <Filter>Source Files\Dialogs</Filter>
    </ClCompile>
    <ClCompile Include="SpectralEvaluation\src\DialogControllers\InstrumentLineshapeCalibrationController.cpp">
      <Filter>Source Files\Calibration</Filter>
    </ClCompile>
    <ClCompile Include="SpectralEvaluation\src\DialogControllers\ReferenceCreationController.cpp">
      <Filter>Source Files\Calibration</Filter>
    </ClCompile>
    <ClCompile Include="SpectralEvaluation\src\DialogControllers\WavelengthCalibrationController.cpp">
      <Filter>Source Files\Calibration</Filter>
    </ClCompile>
    <ClCompile Include="CCreateStandardReferencesDialog.cpp">
      <Filter>Source Files\Dialogs</Filter>
    </ClCompile>
    <ClCompile Include="Evaluation\RealTimeCalibration.cpp">
      <Filter>Source Files\Evaluation</Filter>
    </ClCompile>
    <ClCompile Include="SpectralEvaluation\src\Evaluation\ReferenceFile.cpp">
      <Filter>Source Files\SpectralEvaluation\Evaluation</Filter>
    </ClCompile>
    <ClCompile Include="MeasurementSetup.cpp">
      <Filter>Source Files</Filter>
    </ClCompile>
    <ClCompile Include="Evaluation\EvaluationResult.cpp">
      <Filter>Source Files\Evaluation</Filter>
    </ClCompile>
  </ItemGroup>
  <ItemGroup>
    <ResourceCompile Include="DMSpec.rc">
      <Filter>Source Files</Filter>
    </ResourceCompile>
  </ItemGroup>
  <ItemGroup>
    <ClInclude Include="Common.h">
      <Filter>Header Files</Filter>
    </ClInclude>
    <ClInclude Include="DMSpec.h">
      <Filter>Header Files</Filter>
    </ClInclude>
    <ClInclude Include="DMSpecDoc.h">
      <Filter>Header Files</Filter>
    </ClInclude>
    <ClInclude Include="DMSpecView.h">
      <Filter>Header Files</Filter>
    </ClInclude>
    <ClInclude Include="Controls\Label.h">
      <Filter>Header Files</Filter>
    </ClInclude>
    <ClInclude Include="MainFrm.h">
      <Filter>Header Files</Filter>
    </ClInclude>
    <ClInclude Include="MeasGrid.h">
      <Filter>Header Files</Filter>
    </ClInclude>
    <ClInclude Include="MeasurementModes\Measurement_Traverse.h">
      <Filter>Header Files</Filter>
    </ClInclude>
    <ClInclude Include="MeasurementModes\Measurement_View.h">
      <Filter>Header Files</Filter>
    </ClInclude>
    <ClInclude Include="MeasurementModes\Measurement_Directory.h">
      <Filter>Header Files</Filter>
    </ClInclude>
    <ClInclude Include="MeasurementModes\Measurement_Wind.h">
      <Filter>Header Files</Filter>
    </ClInclude>
    <ClInclude Include="Configuration\MobileConfiguration.h">
      <Filter>Header Files</Filter>
    </ClInclude>
    <ClInclude Include="Controls\ReferenceFileControl.h">
      <Filter>Header Files</Filter>
    </ClInclude>
    <ClInclude Include="Resource.h">
      <Filter>Header Files</Filter>
    </ClInclude>
    <ClInclude Include="Spectrometer.h">
      <Filter>Header Files</Filter>
    </ClInclude>
    <ClInclude Include="Common\SpectrumIO.h">
      <Filter>Header Files</Filter>
    </ClInclude>
    <ClInclude Include="StdAfx.h">
      <Filter>Header Files</Filter>
    </ClInclude>
    <ClInclude Include="Version.h">
      <Filter>Header Files</Filter>
    </ClInclude>
    <ClInclude Include="Common\XMLFileReader.h">
      <Filter>Header Files</Filter>
    </ClInclude>
    <ClInclude Include="ReEvaluation\ReEvalScriptFileHandler.h">
      <Filter>Header Files\ReEvaluation</Filter>
    </ClInclude>
    <ClInclude Include="ReEvaluation\ReEvalSettingsFileHandler.h">
      <Filter>Header Files\ReEvaluation</Filter>
    </ClInclude>
    <ClInclude Include="ReEvaluation\ReEval_DarkDlg.h">
      <Filter>Header Files\ReEvaluation</Filter>
    </ClInclude>
    <ClInclude Include="ReEvaluation\ReEval_DoEvaluationDlg.h">
      <Filter>Header Files\ReEvaluation</Filter>
    </ClInclude>
    <ClInclude Include="ReEvaluation\ReEval_EvalLogDlg.h">
      <Filter>Header Files\ReEvaluation</Filter>
    </ClInclude>
    <ClInclude Include="ReEvaluation\ReEval_FitWindows.h">
      <Filter>Header Files\ReEvaluation</Filter>
    </ClInclude>
    <ClInclude Include="ReEvaluation\ReEval_ScriptDlg.h">
      <Filter>Header Files\ReEvaluation</Filter>
    </ClInclude>
    <ClInclude Include="ReEvaluation\ReEval_SkyDlg.h">
      <Filter>Header Files\ReEvaluation</Filter>
    </ClInclude>
    <ClInclude Include="ReEvaluation\ReEvaluationDlg.h">
      <Filter>Header Files\ReEvaluation</Filter>
    </ClInclude>
    <ClInclude Include="ReEvaluation\ReEvaluationSettings.h">
      <Filter>Header Files\ReEvaluation</Filter>
    </ClInclude>
    <ClInclude Include="ReEvaluation\ReEvaluation_Script.h">
      <Filter>Header Files\ReEvaluation</Filter>
    </ClInclude>
    <ClInclude Include="ReEvaluation\ReEvaluator.h">
      <Filter>Header Files\ReEvaluation</Filter>
    </ClInclude>
    <ClInclude Include="GridCtrl\GridCell.h">
      <Filter>Header Files\GridCtrl</Filter>
    </ClInclude>
    <ClInclude Include="GridCtrl\GridCellBase.h">
      <Filter>Header Files\GridCtrl</Filter>
    </ClInclude>
    <ClInclude Include="GridCtrl\GridCtrl.h">
      <Filter>Header Files\GridCtrl</Filter>
    </ClInclude>
    <ClInclude Include="GridCtrl\GridDropTarget.h">
      <Filter>Header Files\GridCtrl</Filter>
    </ClInclude>
    <ClInclude Include="GridCtrl\InPlaceEdit.h">
      <Filter>Header Files\GridCtrl</Filter>
    </ClInclude>
    <ClInclude Include="GridCtrl\TitleTip.h">
      <Filter>Header Files\GridCtrl</Filter>
    </ClInclude>
    <ClInclude Include="Fit\ApertureFunction.h">
      <Filter>Header Files\Fit</Filter>
    </ClInclude>
    <ClInclude Include="Fit\BSplineF.h">
      <Filter>Header Files\Fit</Filter>
    </ClInclude>
    <ClInclude Include="Fit\BSplineImpl.h">
      <Filter>Header Files\Fit</Filter>
    </ClInclude>
    <ClInclude Include="Fit\BandedMatrix.h">
      <Filter>Header Files\Fit</Filter>
    </ClInclude>
    <ClInclude Include="BasicMath.h">
      <Filter>Header Files\Fit</Filter>
    </ClInclude>
    <ClInclude Include="Fit\ConstFunction.h">
      <Filter>Header Files\Fit</Filter>
    </ClInclude>
    <ClInclude Include="Fit\ConvoluteFunction.h">
      <Filter>Header Files\Fit</Filter>
    </ClInclude>
    <ClInclude Include="Fit\ConvolutionCoreFunction.h">
      <Filter>Header Files\Fit</Filter>
    </ClInclude>
    <ClInclude Include="Fit\CubicBSplineFunction.h">
      <Filter>Header Files\Fit</Filter>
    </ClInclude>
    <ClInclude Include="Fit\CubicSplineFunction.h">
      <Filter>Header Files\Fit</Filter>
    </ClInclude>
    <ClInclude Include="Fit\DOASVector.h">
      <Filter>Header Files\Fit</Filter>
    </ClInclude>
    <ClInclude Include="Fit\DataSet.h">
      <Filter>Header Files\Fit</Filter>
    </ClInclude>
    <ClInclude Include="Fit\DiscreteFunction.h">
      <Filter>Header Files\Fit</Filter>
    </ClInclude>
    <ClInclude Include="Fit\DivFunction.h">
      <Filter>Header Files\Fit</Filter>
    </ClInclude>
    <ClInclude Include="Fit\ExpFunction.h">
      <Filter>Header Files\Fit</Filter>
    </ClInclude>
    <ClInclude Include="Fit\Fit.h">
      <Filter>Header Files\Fit</Filter>
    </ClInclude>
    <ClInclude Include="Fit\FitBasic.h">
      <Filter>Header Files\Fit</Filter>
    </ClInclude>
    <ClInclude Include="Fit\Function.h">
      <Filter>Header Files\Fit</Filter>
    </ClInclude>
    <ClInclude Include="Fit\GaussFunction.h">
      <Filter>Header Files\Fit</Filter>
    </ClInclude>
    <ClInclude Include="Fit\LeastSquareFit.h">
      <Filter>Header Files\Fit</Filter>
    </ClInclude>
    <ClInclude Include="Fit\LevenbergMarquardtFit.h">
      <Filter>Header Files\Fit</Filter>
    </ClInclude>
    <ClInclude Include="Fit\LinearInterpolateFunction.h">
      <Filter>Header Files\Fit</Filter>
    </ClInclude>
    <ClInclude Include="Fit\LnFunction.h">
      <Filter>Header Files\Fit</Filter>
    </ClInclude>
    <ClInclude Include="Fit\Matrix.h">
      <Filter>Header Files\Fit</Filter>
    </ClInclude>
    <ClInclude Include="Fit\Minimizer.h">
      <Filter>Header Files\Fit</Filter>
    </ClInclude>
    <ClInclude Include="Fit\MulFunction.h">
      <Filter>Header Files\Fit</Filter>
    </ClInclude>
    <ClInclude Include="Fit\NegateFunction.h">
      <Filter>Header Files\Fit</Filter>
    </ClInclude>
    <ClInclude Include="Fit\NonlinearParameterFunction.h">
      <Filter>Header Files\Fit</Filter>
    </ClInclude>
    <ClInclude Include="Fit\ParamFunction.h">
      <Filter>Header Files\Fit</Filter>
    </ClInclude>
    <ClInclude Include="Fit\ParameterLinkItem.h">
      <Filter>Header Files\Fit</Filter>
    </ClInclude>
    <ClInclude Include="Fit\PolynomialFunction.h">
      <Filter>Header Files\Fit</Filter>
    </ClInclude>
    <ClInclude Include="Fit\ReferenceSpectrumFunction.h">
      <Filter>Header Files\Fit</Filter>
    </ClInclude>
    <ClInclude Include="Fit\SimpleDOASFunction.h">
      <Filter>Header Files\Fit</Filter>
    </ClInclude>
    <ClInclude Include="Fit\StandardFit.h">
      <Filter>Header Files\Fit</Filter>
    </ClInclude>
    <ClInclude Include="Fit\StandardMetricFunction.h">
      <Filter>Header Files\Fit</Filter>
    </ClInclude>
    <ClInclude Include="Fit\StatisticVector.h">
      <Filter>Header Files\Fit</Filter>
    </ClInclude>
    <ClInclude Include="Fit\SumFunction.h">
      <Filter>Header Files\Fit</Filter>
    </ClInclude>
    <ClInclude Include="Fit\Vector.h">
      <Filter>Header Files\Fit</Filter>
    </ClInclude>
    <ClInclude Include="InformationDialog.h">
      <Filter>Header Files\Dialogs</Filter>
    </ClInclude>
    <ClInclude Include="PostFluxDlg.h">
      <Filter>Header Files\Dialogs</Filter>
    </ClInclude>
    <ClInclude Include="Dialogs\QueryStringDialog.h">
      <Filter>Header Files\Dialogs</Filter>
    </ClInclude>
    <ClInclude Include="RealTimeRoute.h">
      <Filter>Header Files\Dialogs</Filter>
    </ClInclude>
    <ClInclude Include="Dialogs\ReferencePropertiesDlg.h">
      <Filter>Header Files\Dialogs</Filter>
    </ClInclude>
    <ClInclude Include="RouteDlg.h">
      <Filter>Header Files\Dialogs</Filter>
    </ClInclude>
    <ClInclude Include="Dialogs\SelectionDialog.h">
      <Filter>Header Files\Dialogs</Filter>
    </ClInclude>
    <ClInclude Include="Dialogs\SimplePropertySheet.h">
      <Filter>Header Files\Dialogs</Filter>
    </ClInclude>
    <ClInclude Include="SourceSelectionDlg.h">
      <Filter>Header Files\Dialogs</Filter>
    </ClInclude>
    <ClInclude Include="WindFieldDlg.h">
      <Filter>Header Files\Dialogs</Filter>
    </ClInclude>
    <ClInclude Include="Evaluation\Evaluation.h">
      <Filter>Header Files\Evaluation</Filter>
    </ClInclude>
    <ClInclude Include="Evaluation\FitWindow.h">
      <Filter>Header Files\Evaluation</Filter>
    </ClInclude>
    <ClInclude Include="DualBeam\PostPlumeHeightDlg.h">
      <Filter>Header Files\DualBeam</Filter>
    </ClInclude>
    <ClInclude Include="DualBeam\PostWindDlg.h">
      <Filter>Header Files\DualBeam</Filter>
    </ClInclude>
    <ClInclude Include="Controls\FitWindowListBox.h">
      <Filter>Header Files\Controls</Filter>
    </ClInclude>
    <ClInclude Include="Graphs\SpectrumGraph.h">
      <Filter>Header Files\Graphs</Filter>
    </ClInclude>
    <ClInclude Include="GridCtrl\MemDC.h">
      <Filter>Header Files</Filter>
    </ClInclude>
    <ClInclude Include="Configuration\ConfigurationDialog.h">
      <Filter>Header Files\Dialogs</Filter>
    </ClInclude>
    <ClInclude Include="Configuration\Configure_Evaluation.h">
      <Filter>Header Files\Dialogs</Filter>
    </ClInclude>
    <ClInclude Include="Configuration\Configure_GPS.h">
      <Filter>Header Files\Dialogs</Filter>
    </ClInclude>
    <ClInclude Include="Configuration\Configure_Spectrometer.h">
      <Filter>Header Files\Dialogs</Filter>
    </ClInclude>
    <ClInclude Include="Configuration\Configure_Directory.h">
      <Filter>Header Files\Dialogs</Filter>
    </ClInclude>
    <ClInclude Include="CommentDlg.h">
      <Filter>Header Files\Dialogs</Filter>
    </ClInclude>
    <ClInclude Include="ExportEvLogDlg.h">
      <Filter>Header Files\Dialogs</Filter>
    </ClInclude>
    <ClInclude Include="Dialogs\ReferencePlotDlg.h">
      <Filter>Header Files\Dialogs</Filter>
    </ClInclude>
    <ClInclude Include="Dialogs\SpectrumInspectionDlg.h">
      <Filter>Header Files\Dialogs</Filter>
    </ClInclude>
    <ClInclude Include="Dialogs\SpectrumScaleDlg.h">
      <Filter>Header Files\Dialogs</Filter>
    </ClInclude>
    <ClInclude Include="Dialogs\SpectrumSettingsDlg.h">
      <Filter>Header Files\Dialogs</Filter>
    </ClInclude>
    <ClInclude Include="Graphs\ColumnGraph.h">
      <Filter>Header Files\Controls</Filter>
    </ClInclude>
    <ClInclude Include="FluxPathListBox.h">
      <Filter>Header Files\Controls</Filter>
    </ClInclude>
    <ClInclude Include="Graphs\GraphCtrl.h">
      <Filter>Header Files\Controls</Filter>
    </ClInclude>
    <ClInclude Include="RouteGraph.h">
      <Filter>Header Files\Controls</Filter>
    </ClInclude>
    <ClInclude Include="CSpectrometerCalibrationDlg.h">
      <Filter>Header Files</Filter>
    </ClInclude>
    <ClInclude Include="Common\CSpectrum.h">
      <Filter>Header Files</Filter>
    </ClInclude>
    <ClInclude Include="CCalibrateInstrumentLineShape.h">
      <Filter>Header Files\Dialogs</Filter>
    </ClInclude>
    <ClInclude Include="CCalibratePixelToWavelengthDialog.h">
      <Filter>Header Files\Dialogs</Filter>
    </ClInclude>
    <ClInclude Include="CCalibrateReferencesDialog.h">
      <Filter>Header Files\Dialogs</Filter>
    </ClInclude>
    <ClInclude Include="OpenInstrumentCalibrationDialog.h">
      <Filter>Header Files\Dialogs</Filter>
    </ClInclude>
    <ClInclude Include="CCalibratePixelToWavelengthSetupDialog.h">
      <Filter>Header Files\Dialogs</Filter>
    </ClInclude>
    <ClInclude Include="CCreateStandardReferencesDialog.h">
      <Filter>Header Files</Filter>
    </ClInclude>
    <ClInclude Include="CLogDialog.h">
      <Filter>Header Files</Filter>
    </ClInclude>
    <ClInclude Include="Configuration\Configure_Calibration.h">
      <Filter>Header Files\Dialogs</Filter>
    </ClInclude>
    <ClInclude Include="Configuration\ConfigurationFile.h">
      <Filter>Header Files</Filter>
    </ClInclude>
    <ClInclude Include="SpectralEvaluation\include\SpectralEvaluation\DialogControllers\InstrumentCalibrationInput.h">
      <Filter>Header Files\Calibration</Filter>
    </ClInclude>
    <ClInclude Include="SpectralEvaluation\include\SpectralEvaluation\DialogControllers\InstrumentLineshapeCalibrationController.h">
      <Filter>Header Files\Calibration</Filter>
    </ClInclude>
    <ClInclude Include="SpectralEvaluation\include\SpectralEvaluation\DialogControllers\ReferenceCreationController.h">
      <Filter>Header Files\Calibration</Filter>
    </ClInclude>
    <ClInclude Include="SpectralEvaluation\include\SpectralEvaluation\DialogControllers\WavelengthCalibrationController.h">
      <Filter>Header Files\Calibration</Filter>
    </ClInclude>
    <ClInclude Include="Evaluation\RealTimeCalibration.h">
      <Filter>Header Files\Evaluation</Filter>
    </ClInclude>
    <ClInclude Include="SpectralEvaluation\include\SpectralEvaluation\StringUtils.h">
      <Filter>Header Files\SpectralEvaluation</Filter>
    </ClInclude>
    <ClInclude Include="MeasurementSetup.h">
      <Filter>Header Files</Filter>
    </ClInclude>
    <ClInclude Include="Evaluation\EvaluationResult.h">
      <Filter>Header Files\Evaluation</Filter>
    </ClInclude>
  </ItemGroup>
  <ItemGroup>
    <Image Include="res\CHALMERSAvancez30.bmp">
      <Filter>Resource Files</Filter>
    </Image>
    <Image Include="res\DMSpec.ico">
      <Filter>Resource Files</Filter>
    </Image>
    <Image Include="res\DMSpecDoc.ico">
      <Filter>Resource Files</Filter>
    </Image>
    <Image Include="res\Logo.ico">
      <Filter>Resource Files</Filter>
    </Image>
    <Image Include="res\Toolbar.bmp">
      <Filter>Resource Files</Filter>
    </Image>
    <Image Include="res\bitmap1.bmp">
      <Filter>Resource Files</Filter>
    </Image>
    <Image Include="res\bitmap2.bmp">
      <Filter>Resource Files</Filter>
    </Image>
    <Image Include="res\bmp00001.bmp">
      <Filter>Resource Files</Filter>
    </Image>
    <Image Include="res\bmp00002.bmp">
      <Filter>Resource Files</Filter>
    </Image>
    <Image Include="res\green.bmp">
      <Filter>Resource Files</Filter>
    </Image>
    <Image Include="res\green1.bmp">
      <Filter>Resource Files</Filter>
    </Image>
    <Image Include="res\idr_main.ico">
      <Filter>Resource Files</Filter>
    </Image>
    <Image Include="res\route_legend.bmp">
      <Filter>Resource Files</Filter>
    </Image>
  </ItemGroup>
  <ItemGroup>
    <None Include="res\DMSpec.rc2">
      <Filter>Resource Files</Filter>
    </None>
  </ItemGroup>
</Project>